
Microsoft Visual Studio Solution File, Format Version 12.00
# Visual Studio Version 16
VisualStudioVersion = 16.0.30320.27
MinimumVisualStudioVersion = 10.0.40219.1
Project("{9A19103F-16F7-4668-BE54-9A1E7A4F7556}") = "OpaqueId", "src\OpaqueId\OpaqueId.csproj", "{37890CFE-F37F-4A21-8F10-6B2372F3327D}"
EndProject
Project("{FAE04EC0-301F-11D3-BF4B-00C04F79EFBC}") = "UnitTests", "tests\UnitTests\UnitTests.csproj", "{3936ADF7-622A-4B24-BE59-FF8395087EFB}"
EndProject
Global
	GlobalSection(SolutionConfigurationPlatforms) = preSolution
		Debug|Any CPU = Debug|Any CPU
		Release|Any CPU = Release|Any CPU
	EndGlobalSection
	GlobalSection(ProjectConfigurationPlatforms) = postSolution
		{37890CFE-F37F-4A21-8F10-6B2372F3327D}.Debug|Any CPU.ActiveCfg = Debug|Any CPU
		{37890CFE-F37F-4A21-8F10-6B2372F3327D}.Debug|Any CPU.Build.0 = Debug|Any CPU
		{37890CFE-F37F-4A21-8F10-6B2372F3327D}.Release|Any CPU.ActiveCfg = Release|Any CPU
		{37890CFE-F37F-4A21-8F10-6B2372F3327D}.Release|Any CPU.Build.0 = Release|Any CPU
		{3936ADF7-622A-4B24-BE59-FF8395087EFB}.Debug|Any CPU.ActiveCfg = Debug|Any CPU
		{3936ADF7-622A-4B24-BE59-FF8395087EFB}.Debug|Any CPU.Build.0 = Debug|Any CPU
		{3936ADF7-622A-4B24-BE59-FF8395087EFB}.Release|Any CPU.ActiveCfg = Release|Any CPU
		{3936ADF7-622A-4B24-BE59-FF8395087EFB}.Release|Any CPU.Build.0 = Release|Any CPU
	EndGlobalSection
	GlobalSection(SolutionProperties) = preSolution
		HideSolutionNode = FALSE
	EndGlobalSection
	GlobalSection(ExtensibilityGlobals) = postSolution
		SolutionGuid = {573ECDD9-27F0-4AB8-AD67-79E008FC71B6}
	EndGlobalSection
EndGlobal
